
Microsoft Visual Studio Solution File, Format Version 12.00
# Visual Studio Version 16
VisualStudioVersion = 16.0.30330.147
MinimumVisualStudioVersion = 10.0.40219.1
Project("{FAE04EC0-301F-11D3-BF4B-00C04F79EFBC}") = "RealtimeLogin", "RealtimeLogin\RealtimeLogin.csproj", "{3BB128C7-F62B-42A3-A4A9-10B1E7A83A60}"
EndProject
Global
	GlobalSection(SolutionConfigurationPlatforms) = preSolution
		Debug|Any CPU = Debug|Any CPU
		Release|Any CPU = Release|Any CPU
	EndGlobalSection
	GlobalSection(ProjectConfigurationPlatforms) = postSolution
		{3BB128C7-F62B-42A3-A4A9-10B1E7A83A60}.Debug|Any CPU.ActiveCfg = Debug|Any CPU
		{3BB128C7-F62B-42A3-A4A9-10B1E7A83A60}.Debug|Any CPU.Build.0 = Debug|Any CPU
		{3BB128C7-F62B-42A3-A4A9-10B1E7A83A60}.Release|Any CPU.ActiveCfg = Release|Any CPU
		{3BB128C7-F62B-42A3-A4A9-10B1E7A83A60}.Release|Any CPU.Build.0 = Release|Any CPU
	EndGlobalSection
	GlobalSection(SolutionProperties) = preSolution
		HideSolutionNode = FALSE
	EndGlobalSection
	GlobalSection(ExtensibilityGlobals) = postSolution
		SolutionGuid = {10B63BEB-9786-4B7B-AEA4-0C95C34B7F45}
	EndGlobalSection
EndGlobal
